# This file is generated by running "yarn install" inside your project.
# Manual changes might be lost - proceed with caution!

__metadata:
  version: 6
  cacheKey: 8

"animate.css@npm:^4.1.1":
  version: 4.1.1
  resolution: "animate.css@npm:4.1.1"
  checksum: c7eb91540423532c549725a6dedea993735a05eadaa49ed4d1965ce166a6db36459adcc9667c1dfe13657fab92a2875bbee34ad0d942444a731badab69f762c8
  languageName: node
  linkType: hard

"root-workspace-0b6124@workspace:.":
  version: 0.0.0-use.local
  resolution: "root-workspace-0b6124@workspace:."
  dependencies:
    animate.css: ^4.1.1
  languageName: unknown
  linkType: soft
